
Microsoft Visual Studio Solution File, Format Version 12.00
# Visual Studio Version 17
VisualStudioVersion = 17.5.002.0
MinimumVisualStudioVersion = 10.0.40219.1
Project("{9A19103F-16F7-4668-BE54-9A1E7A4F7556}") = "Source", "Source/Source.csproj", "{83D23E03-38A6-48A4-B227-A640ECC1E9FF}"
EndProject
Project("{9A19103F-16F7-4668-BE54-9A1E7A4F7556}") = "DotnetRaylibWasm", "DotnetRaylibWasm\DotnetRaylibWasm.csproj", "{DDF2D496-328C-4ECA-957D-911351873B66}"
EndProject
Global
	GlobalSection(SolutionConfigurationPlatforms) = preSolution
		Debug|Any CPU = Debug|Any CPU
		Release|Any CPU = Release|Any CPU
	EndGlobalSection
	GlobalSection(ProjectConfigurationPlatforms) = postSolution
		{83D23E03-38A6-48A4-B227-A640ECC1E9FF}.Debug|Any CPU.ActiveCfg = Debug|Any CPU
		{83D23E03-38A6-48A4-B227-A640ECC1E9FF}.Debug|Any CPU.Build.0 = Debug|Any CPU
		{83D23E03-38A6-48A4-B227-A640ECC1E9FF}.Release|Any CPU.ActiveCfg = Release|Any CPU
		{83D23E03-38A6-48A4-B227-A640ECC1E9FF}.Release|Any CPU.Build.0 = Release|Any CPU
		{DDF2D496-328C-4ECA-957D-911351873B66}.Debug|Any CPU.ActiveCfg = Debug|Any CPU
		{DDF2D496-328C-4ECA-957D-911351873B66}.Debug|Any CPU.Build.0 = Debug|Any CPU
		{DDF2D496-328C-4ECA-957D-911351873B66}.Release|Any CPU.ActiveCfg = Release|Any CPU
		{DDF2D496-328C-4ECA-957D-911351873B66}.Release|Any CPU.Build.0 = Release|Any CPU
	EndGlobalSection
	GlobalSection(SolutionProperties) = preSolution
		HideSolutionNode = FALSE
	EndGlobalSection
	GlobalSection(ExtensibilityGlobals) = postSolution
		SolutionGuid = {32E4584B-3A68-4F81-A419-31E89678EBD1}
	EndGlobalSection
EndGlobal
